PODS:
  - LJZ_CommonPage_Founction (0.1.2):
    - Masonry
    - SDWebImage
  - Masonry (1.1.0)
  - SDWebImage (4.4.8):
    - SDWebImage/Core (= 4.4.8)
  - SDWebImage/Core (4.4.8)

DEPENDENCIES:
  - LJZ_CommonPage_Founction (from `../`)

SPEC REPOS:
  trunk:
    - Masonry
    - SDWebImage

EXTERNAL SOURCES:
  LJZ_CommonPage_Founction:
    :path: "../"

SPEC CHECKSUMS:
  LJZ_CommonPage_Founction: a949553519ec2e264bc9f72631fd1cd5011766fb
  Masonry: 678fab65091a9290e40e2832a55e7ab731aad201
  SDWebImage: 783af2c3fa36291a250030c4752ee370a9a51d13

PODFILE CHECKSUM: a49faccf1a379a6a0c59f95b073ac526254e3275

COCOAPODS: 1.15.2
